Microsoft Visual Studio Solution File, Format Version 12.00
# Visual Studio Version 17
VisualStudioVersion = 17.5.2.0
MinimumVisualStudioVersion = 10.0.40219.1
Project("{2150E333-8FDC-42A3-9474-1A3956D46DE8}") = "Back", "Back", "{11BF4459-C332-B9BD-164A-F44681F2EC0B}"
EndProject
Project("{2150E333-8FDC-42A3-9474-1A3956D46DE8}") = "src", "src", "{3CAF00EF-EEE8-D88D-9D7E-C9F39A564E3B}"
EndProject
Project("{FAE04EC0-301F-11D3-BF4B-00C04F79EFBC}") = "ProEventos.API", "Back\src\ProEventos.API\ProEventos.API.csproj", "{99473FA9-31A6-B6A7-6146-DDD9D6CC7FBE}"
EndProject
Global
	GlobalSection(SolutionConfigurationPlatforms) = preSolution
		Debug|Any CPU = Debug|Any CPU
		Release|Any CPU = Release|Any CPU
	EndGlobalSection
	GlobalSection(ProjectConfigurationPlatforms) = postSolution
		{99473FA9-31A6-B6A7-6146-DDD9D6CC7FBE}.Debug|Any CPU.ActiveCfg = Debug|Any CPU
		{99473FA9-31A6-B6A7-6146-DDD9D6CC7FBE}.Debug|Any CPU.Build.0 = Debug|Any CPU
		{99473FA9-31A6-B6A7-6146-DDD9D6CC7FBE}.Release|Any CPU.ActiveCfg = Release|Any CPU
		{99473FA9-31A6-B6A7-6146-DDD9D6CC7FBE}.Release|Any CPU.Build.0 = Release|Any CPU
	EndGlobalSection
	GlobalSection(SolutionProperties) = preSolution
		HideSolutionNode = FALSE
	EndGlobalSection
	GlobalSection(NestedProjects) = preSolution
		{3CAF00EF-EEE8-D88D-9D7E-C9F39A564E3B} = {11BF4459-C332-B9BD-164A-F44681F2EC0B}
		{99473FA9-31A6-B6A7-6146-DDD9D6CC7FBE} = {3CAF00EF-EEE8-D88D-9D7E-C9F39A564E3B}
	EndGlobalSection
	GlobalSection(ExtensibilityGlobals) = postSolution
		SolutionGuid = {2F14F9E3-050B-4A61-8B6C-D0EC1F12C077}
	EndGlobalSection
EndGlobal
